
Microsoft Visual Studio Solution File, Format Version 12.00
# Visual Studio 2012
Project("{FAE04EC0-301F-11D3-BF4B-00C04F79EFBC}") = "NETAPI", "NETAPI\NETAPI.csproj", "{33F65C9C-F1FB-4EEF-8124-11545471F7A1}"
EndProject
Project("{FAE04EC0-301F-11D3-BF4B-00C04F79EFBC}") = "TEST", "TEST\TEST.csproj", "{90AC3ED9-3518-4ABC-8125-5DFF7A857D41}"
EndProject
Global
	GlobalSection(SolutionConfigurationPlatforms) = preSolution
		Debug|Any CPU = Debug|Any CPU
		Release|Any CPU = Release|Any CPU
	EndGlobalSection
	GlobalSection(ProjectConfigurationPlatforms) = postSolution
		{33F65C9C-F1FB-4EEF-8124-11545471F7A1}.Debug|Any CPU.ActiveCfg = Debug|Any CPU
		{33F65C9C-F1FB-4EEF-8124-11545471F7A1}.Debug|Any CPU.Build.0 = Debug|Any CPU
		{33F65C9C-F1FB-4EEF-8124-11545471F7A1}.Release|Any CPU.ActiveCfg = Release|Any CPU
		{33F65C9C-F1FB-4EEF-8124-11545471F7A1}.Release|Any CPU.Build.0 = Release|Any CPU
		{90AC3ED9-3518-4ABC-8125-5DFF7A857D41}.Debug|Any CPU.ActiveCfg = Debug|Any CPU
		{90AC3ED9-3518-4ABC-8125-5DFF7A857D41}.Debug|Any CPU.Build.0 = Debug|Any CPU
		{90AC3ED9-3518-4ABC-8125-5DFF7A857D41}.Release|Any CPU.ActiveCfg = Release|Any CPU
		{90AC3ED9-3518-4ABC-8125-5DFF7A857D41}.Release|Any CPU.Build.0 = Release|Any CPU
	EndGlobalSection
	GlobalSection(SolutionProperties) = preSolution
		HideSolutionNode = FALSE
	EndGlobalSection
EndGlobal
